%{
  "dialyxir": {:hex, :dialyxir, "1.4.3", "edd0124f358f0b9e95bfe53a9fcf806d615d8f838e2202a9f430d59566b6b53b", [:mix], [{:erlex, ">= 0.2.6", [hex: :erlex, repo: "hexpm", optional: false]}], "hexpm", "bf2cfb75cd5c5006bec30141b131663299c661a864ec7fbbc72dfa557487a986"},
  "erlex": {:hex, :erlex, "0.2.7", "810e8725f96ab74d17aac676e748627a07bc87eb950d2b83acd29dc047a30595", [:mix], [], "hexpm", "3ed95f79d1a844c3f6bf0cea61e0d5612a42ce56da9c03f01df538685365efb0"},
  "typedstruct": {:hex, :typedstruct, "0.5.3", "d68ae424251a41b81a8d0c485328ab48edbd3858f3565bbdac21b43c056fc9b4", [:make, :mix], [], "hexpm", "b53b8186701417c0b2782bf02a2db5524f879b8488f91d1d83b97d84c2943432"},
}
